# This file is automatically @generated by Cargo.
# It is not intended for manual editing.
version = 4

[[package]]
name = "mini-edr-common"
version = "0.1.0"

[[package]]
name = "mini-edr-daemon"
version = "0.1.0"
dependencies = [
 "mini-edr-common",
 "mini-edr-detection",
 "mini-edr-pipeline",
 "mini-edr-sensor",
 "mini-edr-tui",
 "mini-edr-web",
]

[[package]]
name = "mini-edr-detection"
version = "0.1.0"
dependencies = [
 "mini-edr-common",
]

[[package]]
name = "mini-edr-pipeline"
version = "0.1.0"
dependencies = [
 "mini-edr-common",
]

[[package]]
name = "mini-edr-sensor"
version = "0.1.0"
dependencies = [
 "mini-edr-common",
]

[[package]]
name = "mini-edr-tui"
version = "0.1.0"
dependencies = [
 "mini-edr-common",
]

[[package]]
name = "mini-edr-web"
version = "0.1.0"
dependencies = [
 "mini-edr-common",
]
